
Microsoft Visual Studio Solution File, Format Version 12.00
# Visual Studio Version 17
VisualStudioVersion = 17.6.33829.357
MinimumVisualStudioVersion = 10.0.40219.1
Project("{FAE04EC0-301F-11D3-BF4B-00C04F79EFBC}") = "Logs", "Logs\Logs.csproj", "{B1C2C42A-E810-44E7-A353-E1147FFDBEFC}"
EndProject
Global
	GlobalSection(SolutionConfigurationPlatforms) = preSolution
		Debug|Any CPU = Debug|Any CPU
		Release|Any CPU = Release|Any CPU
	EndGlobalSection
	GlobalSection(ProjectConfigurationPlatforms) = postSolution
		{B1C2C42A-E810-44E7-A353-E1147FFDBEFC}.Debug|Any CPU.ActiveCfg = Debug|Any CPU
		{B1C2C42A-E810-44E7-A353-E1147FFDBEFC}.Debug|Any CPU.Build.0 = Debug|Any CPU
		{B1C2C42A-E810-44E7-A353-E1147FFDBEFC}.Release|Any CPU.ActiveCfg = Release|Any CPU
		{B1C2C42A-E810-44E7-A353-E1147FFDBEFC}.Release|Any CPU.Build.0 = Release|Any CPU
	EndGlobalSection
	GlobalSection(SolutionProperties) = preSolution
		HideSolutionNode = FALSE
	EndGlobalSection
	GlobalSection(ExtensibilityGlobals) = postSolution
		SolutionGuid = {A0220BA8-3E82-4709-B958-258AED9AA03D}
	EndGlobalSection
EndGlobal
